// !$*UTF8*$!
{
	archiveVersion = 1;
	classes = {
	};
	objectVersion = 50;
	objects = {

/* Begin PBXBuildFile section */
		A00A91A121A93A0D00EAB5DC /* QuakeDetailViewController.swift in Sources */ = {isa = PBXBuildFile; fileRef = A00A91A021A93A0D00EAB5DC /* QuakeDetailViewController.swift */; };
		A012A3EA21A3B31500F664D6 /* AppDelegate.swift in Sources */ = {isa = PBXBuildFile; fileRef = A012A3E921A3B31500F664D6 /* AppDelegate.swift */; };
		A012A3EF21A3B31600F664D6 /* Main.storyboard in Resources */ = {isa = PBXBuildFile; fileRef = A012A3ED21A3B31600F664D6 /* Main.storyboard */; };
		A012A3F121A3B31800F664D6 /* Assets.xcassets in Resources */ = {isa = PBXBuildFile; fileRef = A012A3F021A3B31800F664D6 /* Assets.xcassets */; };
		A012A3F421A3B31800F664D6 /* LaunchScreen.storyboard in Resources */ = {isa = PBXBuildFile; fileRef = A012A3F221A3B31800F664D6 /* LaunchScreen.storyboard */; };
		A012A3FC21A3B3A800F664D6 /* QuakeReportTableViewController.swift in Sources */ = {isa = PBXBuildFile; fileRef = A012A3FB21A3B3A800F664D6 /* QuakeReportTableViewController.swift */; };
		A012A3FE21A3B3C500F664D6 /* QuakeReportTableViewCell.swift in Sources */ = {isa = PBXBuildFile; fileRef = A012A3FD21A3B3C500F664D6 /* QuakeReportTableViewCell.swift */; };
		A012A40321A3BA6200F664D6 /* QuakeInfos.swift in Sources */ = {isa = PBXBuildFile; fileRef = A012A40221A3BA6200F664D6 /* QuakeInfos.swift */; };
		A012A40521A3BA9F00F664D6 /* DesignableUI.swift in Sources */ = {isa = PBXBuildFile; fileRef = A012A40421A3BA9F00F664D6 /* DesignableUI.swift */; };
		A0134D1721AB94F600D5132C /* MoreDetailTableViewController.swift in Sources */ = {isa = PBXBuildFile; fileRef = A0134D1621AB94F600D5132C /* MoreDetailTableViewController.swift */; };
		A0134D1921AB957E00D5132C /* DetailTableViewCell.swift in Sources */ = {isa = PBXBuildFile; fileRef = A0134D1821AB957E00D5132C /* DetailTableViewCell.swift */; };
		A0153B7721B21F7600DE79D5 /* DataDetail.swift in Sources */ = {isa = PBXBuildFile; fileRef = A0153B7621B21F7600DE79D5 /* DataDetail.swift */; };
		A020A99521B4CD4C004E3DAF /* Reachability.swift in Sources */ = {isa = PBXBuildFile; fileRef = A020A99421B4CD4C004E3DAF /* Reachability.swift */; };
		A0AC294521A7A46800089A48 /* DataServices.swift in Sources */ = {isa = PBXBuildFile; fileRef = A0AC294421A7A46800089A48 /* DataServices.swift */; };
/* End PBXBuildFile section */

/* Begin PBXFileReference section */
		A00A91A021A93A0D00EAB5DC /* QuakeDetailViewController.swift */ = {isa = PBXFileReference; lastKnownFileType = sourcecode.swift; path = QuakeDetailViewController.swift; sourceTree = "<group>"; };
		A012A3E621A3B31500F664D6 /* EarthQuake.app */ = {isa = PBXFileReference; explicitFileType = wrapper.application; includeInIndex = 0; path = EarthQuake.app; sourceTree = BUILT_PRODUCTS_DIR; };
		A012A3E921A3B31500F664D6 /* AppDelegate.swift */ = {isa = PBXFileReference; lastKnownFileType = sourcecode.swift; path = AppDelegate.swift; sourceTree = "<group>"; };
		A012A3EE21A3B31600F664D6 /* Base */ = {isa = PBXFileReference; lastKnownFileType = file.storyboard; name = Base; path = Base.lproj/Main.storyboard; sourceTree = "<group>"; };
		A012A3F021A3B31800F664D6 /* Assets.xcassets */ = {isa = PBXFileReference; lastKnownFileType = folder.assetcatalog; path = Assets.xcassets; sourceTree = "<group>"; };
		A012A3F321A3B31800F664D6 /* Base */ = {isa = PBXFileReference; lastKnownFileType = file.storyboard; name = Base; path = Base.lproj/LaunchScreen.storyboard; sourceTree = "<group>"; };
		A012A3F521A3B31800F664D6 /* Info.plist */ = {isa = PBXFileReference; lastKnownFileType = text.plist.xml; path = Info.plist; sourceTree = "<group>"; };
		A012A3FB21A3B3A800F664D6 /* QuakeReportTableViewController.swift */ = {isa = PBXFileReference; lastKnownFileType = sourcecode.swift; path = QuakeReportTableViewController.swift; sourceTree = "<group>"; };
		A012A3FD21A3B3C500F664D6 /* QuakeReportTableViewCell.swift */ = {isa = PBXFileReference; lastKnownFileType = sourcecode.swift; path = QuakeReportTableViewCell.swift; sourceTree = "<group>"; };
		A012A40221A3BA6200F664D6 /* QuakeInfos.swift */ = {isa = PBXFileReference; lastKnownFileType = sourcecode.swift; path = QuakeInfos.swift; sourceTree = "<group>"; };
		A012A40421A3BA9F00F664D6 /* DesignableUI.swift */ = {isa = PBXFileReference; lastKnownFileType = sourcecode.swift; path = DesignableUI.swift; sourceTree = "<group>"; };
		A0134D1621AB94F600D5132C /* MoreDetailTableViewController.swift */ = {isa = PBXFileReference; lastKnownFileType = sourcecode.swift; path = MoreDetailTableViewController.swift; sourceTree = "<group>"; };
		A0134D1821AB957E00D5132C /* DetailTableViewCell.swift */ = {isa = PBXFileReference; lastKnownFileType = sourcecode.swift; path = DetailTableViewCell.swift; sourceTree = "<group>"; };
		A0153B7621B21F7600DE79D5 /* DataDetail.swift */ = {isa = PBXFileReference; lastKnownFileType = sourcecode.swift; path = DataDetail.swift; sourceTree = "<group>"; };
		A020A99421B4CD4C004E3DAF /* Reachability.swift */ = {isa = PBXFileReference; lastKnownFileType = sourcecode.swift; path = Reachability.swift; sourceTree = "<group>"; };
		A0AC294421A7A46800089A48 /* DataServices.swift */ = {isa = PBXFileReference; lastKnownFileType = sourcecode.swift; path = DataServices.swift; sourceTree = "<group>"; };
/* End PBXFileReference section */

/* Begin PBXFrameworksBuildPhase section */
		A012A3E321A3B31500F664D6 /* Frameworks */ = {
			isa = PBXFrameworksBuildPhase;
			buildActionMask = 2147483647;
			files = (
			);
			runOnlyForDeploymentPostprocessing = 0;
		};
/* End PBXFrameworksBuildPhase section */

/* Begin PBXGroup section */
		A012A3DD21A3B31500F664D6 = {
			isa = PBXGroup;
			children = (
				A012A3E821A3B31500F664D6 /* EarthQuake */,
				A012A3E721A3B31500F664D6 /* Products */,
			);
			sourceTree = "<group>";
		};
		A012A3E721A3B31500F664D6 /* Products */ = {
			isa = PBXGroup;
			children = (
				A012A3E621A3B31500F664D6 /* EarthQuake.app */,
			);
			name = Products;
			sourceTree = "<group>";
		};
		A012A3E821A3B31500F664D6 /* EarthQuake */ = {
			isa = PBXGroup;
			children = (
				A0153B7621B21F7600DE79D5 /* DataDetail.swift */,
				A012A3E921A3B31500F664D6 /* AppDelegate.swift */,
				A012A3ED21A3B31600F664D6 /* Main.storyboard */,
				A012A40121A3B40100F664D6 /* Model */,
				A012A40021A3B3F300F664D6 /* View */,
				A012A3FF21A3B3D400F664D6 /* Controller */,
				A012A3F021A3B31800F664D6 /* Assets.xcassets */,
				A012A3F221A3B31800F664D6 /* LaunchScreen.storyboard */,
				A012A3F521A3B31800F664D6 /* Info.plist */,
			);
			path = EarthQuake;
			sourceTree = "<group>";
		};
		A012A3FF21A3B3D400F664D6 /* Controller */ = {
			isa = PBXGroup;
			children = (
				A012A3FB21A3B3A800F664D6 /* QuakeReportTableViewController.swift */,
				A00A91A021A93A0D00EAB5DC /* QuakeDetailViewController.swift */,
				A0134D1621AB94F600D5132C /* MoreDetailTableViewController.swift */,
			);
			path = Controller;
			sourceTree = "<group>";
		};
		A012A40021A3B3F300F664D6 /* View */ = {
			isa = PBXGroup;
			children = (
				A012A3FD21A3B3C500F664D6 /* QuakeReportTableViewCell.swift */,
				A0134D1821AB957E00D5132C /* DetailTableViewCell.swift */,
				A012A40421A3BA9F00F664D6 /* DesignableUI.swift */,
			);
			path = View;
			sourceTree = "<group>";
		};
		A012A40121A3B40100F664D6 /* Model */ = {
			isa = PBXGroup;
			children = (
				A012A40221A3BA6200F664D6 /* QuakeInfos.swift */,
				A0AC294421A7A46800089A48 /* DataServices.swift */,
				A020A99421B4CD4C004E3DAF /* Reachability.swift */,
			);
			path = Model;
			sourceTree = "<group>";
		};
/* End PBXGroup section */

/* Begin PBXNativeTarget section */
		A012A3E521A3B31500F664D6 /* EarthQuake */ = {
			isa = PBXNativeTarget;
			buildConfigurationList = A012A3F821A3B31800F664D6 /* Build configuration list for PBXNativeTarget "EarthQuake" */;
			buildPhases = (
				A012A3E221A3B31500F664D6 /* Sources */,
				A012A3E321A3B31500F664D6 /* Frameworks */,
				A012A3E421A3B31500F664D6 /* Resources */,
			);
			buildRules = (
			);
			dependencies = (
			);
			name = EarthQuake;
			productName = EarthQuake;
			productReference = A012A3E621A3B31500F664D6 /* EarthQuake.app */;
			productType = "com.apple.product-type.application";
		};
/* End PBXNativeTarget section */

/* Begin PBXProject section */
		A012A3DE21A3B31500F664D6 /* Project object */ = {
			isa = PBXProject;
			attributes = {
				LastSwiftUpdateCheck = 1000;
				LastUpgradeCheck = 1000;
				ORGANIZATIONNAME = "Hiếu Nguyễn";
				TargetAttributes = {
					A012A3E521A3B31500F664D6 = {
						CreatedOnToolsVersion = 10.0;
					};
				};
			};
			buildConfigurationList = A012A3E121A3B31500F664D6 /* Build configuration list for PBXProject "EarthQuake" */;
			compatibilityVersion = "Xcode 9.3";
			developmentRegion = en;
			hasScannedForEncodings = 0;
			knownRegions = (
				en,
				Base,
			);
			mainGroup = A012A3DD21A3B31500F664D6;
			productRefGroup = A012A3E721A3B31500F664D6 /* Products */;
			projectDirPath = "";
			projectRoot = "";
			targets = (
				A012A3E521A3B31500F664D6 /* EarthQuake */,
			);
		};
/* End PBXProject section */

/* Begin PBXResourcesBuildPhase section */
		A012A3E421A3B31500F664D6 /* Resources */ = {
			isa = PBXResourcesBuildPhase;
			buildActionMask = 2147483647;
			files = (
				A012A3F421A3B31800F664D6 /* LaunchScreen.storyboard in Resources */,
				A012A3F121A3B31800F664D6 /* Assets.xcassets in Resources */,
				A012A3EF21A3B31600F664D6 /* Main.storyboard in Resources */,
			);
			runOnlyForDeploymentPostprocessing = 0;
		};
/* End PBXResourcesBuildPhase section */

/* Begin PBXSourcesBuildPhase section */
		A012A3E221A3B31500F664D6 /* Sources */ = {
			isa = PBXSourcesBuildPhase;
			buildActionMask = 2147483647;
			files = (
				A0134D1921AB957E00D5132C /* DetailTableViewCell.swift in Sources */,
				A012A40321A3BA6200F664D6 /* QuakeInfos.swift in Sources */,
				A012A3FE21A3B3C500F664D6 /* QuakeReportTableViewCell.swift in Sources */,
				A012A40521A3BA9F00F664D6 /* DesignableUI.swift in Sources */,
				A0134D1721AB94F600D5132C /* MoreDetailTableViewController.swift in Sources */,
				A0AC294521A7A46800089A48 /* DataServices.swift in Sources */,
				A0153B7721B21F7600DE79D5 /* DataDetail.swift in Sources */,
				A020A99521B4CD4C004E3DAF /* Reachability.swift in Sources */,
				A012A3FC21A3B3A800F664D6 /* QuakeReportTableViewController.swift in Sources */,
				A00A91A121A93A0D00EAB5DC /* QuakeDetailViewController.swift in Sources */,
				A012A3EA21A3B31500F664D6 /* AppDelegate.swift in Sources */,
			);
			runOnlyForDeploymentPostprocessing = 0;
		};
/* End PBXSourcesBuildPhase section */

/* Begin PBXVariantGroup section */
		A012A3ED21A3B31600F664D6 /* Main.storyboard */ = {
			isa = PBXVariantGroup;
			children = (
				A012A3EE21A3B31600F664D6 /* Base */,
			);
			name = Main.storyboard;
			sourceTree = "<group>";
		};
		A012A3F221A3B31800F664D6 /* LaunchScreen.storyboard */ = {
			isa = PBXVariantGroup;
			children = (
				A012A3F321A3B31800F664D6 /* Base */,
			);
			name = LaunchScreen.storyboard;
			sourceTree = "<group>";
		};
/* End PBXVariantGroup section */

/* Begin XCBuildConfiguration section */
		A012A3F621A3B31800F664D6 /* Debug */ = {
			isa = XCBuildConfiguration;
			buildSettings = {
				ALWAYS_SEARCH_USER_PATHS = NO;
				CLANG_ANALYZER_NONNULL = YES;
				CLANG_ANALYZER_NUMBER_OBJECT_CONVERSION = YES_AGGRESSIVE;
				CLANG_CXX_LANGUAGE_STANDARD = "gnu++14";
				CLANG_CXX_LIBRARY = "libc++";
				CLANG_ENABLE_MODULES = YES;
				CLANG_ENABLE_OBJC_ARC = YES;
				CLANG_ENABLE_OBJC_WEAK = YES;
				CLANG_WARN_BLOCK_CAPTURE_AUTORELEASING = YES;
				CLANG_WARN_BOOL_CONVERSION = YES;
				CLANG_WARN_COMMA = YES;
				CLANG_WARN_CONSTANT_CONVERSION = YES;
				CLANG_WARN_DEPRECATED_OBJC_IMPLEMENTATIONS = YES;
				CLANG_WARN_DIRECT_OBJC_ISA_USAGE = YES_ERROR;
				CLANG_WARN_DOCUMENTATION_COMMENTS = YES;
				CLANG_WARN_EMPTY_BODY = YES;
				CLANG_WARN_ENUM_CONVERSION = YES;
				CLANG_WARN_INFINITE_RECURSION = YES;
				CLANG_WARN_INT_CONVERSION = YES;
				CLANG_WARN_NON_LITERAL_NULL_CONVERSION = YES;
				CLANG_WARN_OBJC_IMPLICIT_RETAIN_SELF = YES;
				CLANG_WARN_OBJC_LITERAL_CONVERSION = YES;
				CLANG_WARN_OBJC_ROOT_CLASS = YES_ERROR;
				CLANG_WARN_RANGE_LOOP_ANALYSIS = YES;
				CLANG_WARN_STRICT_PROTOTYPES = YES;
				CLANG_WARN_SUSPICIOUS_MOVE = YES;
				CLANG_WARN_UNGUARDED_AVAILABILITY = YES_AGGRESSIVE;
				CLANG_WARN_UNREACHABLE_CODE = YES;
				CLANG_WARN__DUPLICATE_METHOD_MATCH = YES;
				CODE_SIGN_IDENTITY = "iPhone Developer";
				COPY_PHASE_STRIP = NO;
				DEBUG_INFORMATION_FORMAT = dwarf;
				ENABLE_STRICT_OBJC_MSGSEND = YES;
				ENABLE_TESTABILITY = YES;
				GCC_C_LANGUAGE_STANDARD = gnu11;
				GCC_DYNAMIC_NO_PIC = NO;
				GCC_NO_COMMON_BLOCKS = YES;
				GCC_OPTIMIZATION_LEVEL = 0;
				GCC_PREPROCESSOR_DEFINITIONS = (
					"DEBUG=1",
					"$(inherited)",
				);
				GCC_WARN_64_TO_32_BIT_CONVERSION = YES;
				GCC_WARN_ABOUT_RETURN_TYPE = YES_ERROR;
				GCC_WARN_UNDECLARED_SELECTOR = YES;
				GCC_WARN_UNINITIALIZED_AUTOS = YES_AGGRESSIVE;
				GCC_WARN_UNUSED_FUNCTION = YES;
				GCC_WARN_UNUSED_VARIABLE = YES;
				IPHONEOS_DEPLOYMENT_TARGET = 12.0;
				MTL_ENABLE_DEBUG_INFO = INCLUDE_SOURCE;
				MTL_FAST_MATH = YES;
				ONLY_ACTIVE_ARCH = YES;
				SDKROOT = iphoneos;
				SWIFT_ACTIVE_COMPILATION_CONDITIONS = DEBUG;
				SWIFT_OPTIMIZATION_LEVEL = "-Onone";
			};
			name = Debug;
		};
		A012A3F721A3B31800F664D6 /* Release */ = {
			isa = XCBuildConfiguration;
			buildSettings = {
				ALWAYS_SEARCH_USER_PATHS = NO;
				CLANG_ANALYZER_NONNULL = YES;
				CLANG_ANALYZER_NUMBER_OBJECT_CONVERSION = YES_AGGRESSIVE;
				CLANG_CXX_LANGUAGE_STANDARD = "gnu++14";
				CLANG_CXX_LIBRARY = "libc++";
				CLANG_ENABLE_MODULES = YES;
				CLANG_ENABLE_OBJC_ARC = YES;
				CLANG_ENABLE_OBJC_WEAK = YES;
				CLANG_WARN_BLOCK_CAPTURE_AUTORELEASING = YES;
				CLANG_WARN_BOOL_CONVERSION = YES;
				CLANG_WARN_COMMA = YES;
				CLANG_WARN_CONSTANT_CONVERSION = YES;
				CLANG_WARN_DEPRECATED_OBJC_IMPLEMENTATIONS = YES;
				CLANG_WARN_DIRECT_OBJC_ISA_USAGE = YES_ERROR;
				CLANG_WARN_DOCUMENTATION_COMMENTS = YES;
				CLANG_WARN_EMPTY_BODY = YES;
				CLANG_WARN_ENUM_CONVERSION = YES;
				CLANG_WARN_INFINITE_RECURSION = YES;
				CLANG_WARN_INT_CONVERSION = YES;
				CLANG_WARN_NON_LITERAL_NULL_CONVERSION = YES;
				CLANG_WARN_OBJC_IMPLICIT_RETAIN_SELF = YES;
				CLANG_WARN_OBJC_LITERAL_CONVERSION = YES;
				CLANG_WARN_OBJC_ROOT_CLASS = YES_ERROR;
				CLANG_WARN_RANGE_LOOP_ANALYSIS = YES;
				CLANG_WARN_STRICT_PROTOTYPES = YES;
				CLANG_WARN_SUSPICIOUS_MOVE = YES;
				CLANG_WARN_UNGUARDED_AVAILABILITY = YES_AGGRESSIVE;
				CLANG_WARN_UNREACHABLE_CODE = YES;
				CLANG_WARN__DUPLICATE_METHOD_MATCH = YES;
				CODE_SIGN_IDENTITY = "iPhone Developer";
				COPY_PHASE_STRIP = NO;
				DEBUG_INFORMATION_FORMAT = "dwarf-with-dsym";
				ENABLE_NS_ASSERTIONS = NO;
				ENABLE_STRICT_OBJC_MSGSEND = YES;
				GCC_C_LANGUAGE_STANDARD = gnu11;
				GCC_NO_COMMON_BLOCKS = YES;
				GCC_WARN_64_TO_32_BIT_CONVERSION = YES;
				GCC_WARN_ABOUT_RETURN_TYPE = YES_ERROR;
				GCC_WARN_UNDECLARED_SELECTOR = YES;
				GCC_WARN_UNINITIALIZED_AUTOS = YES_AGGRESSIVE;
				GCC_WARN_UNUSED_FUNCTION = YES;
				GCC_WARN_UNUSED_VARIABLE = YES;
				IPHONEOS_DEPLOYMENT_TARGET = 12.0;
				MTL_ENABLE_DEBUG_INFO = NO;
				MTL_FAST_MATH = YES;
				SDKROOT = iphoneos;
				SWIFT_COMPILATION_MODE = wholemodule;
				SWIFT_OPTIMIZATION_LEVEL = "-O";
				VALIDATE_PRODUCT = YES;
			};
			name = Release;
		};
		A012A3F921A3B31800F664D6 /* Debug */ = {
			isa = XCBuildConfiguration;
			buildSettings = {
				ASSETCATALOG_COMPILER_APPICON_NAME = AppIcon;
				CODE_SIGN_STYLE = Automatic;
				INFOPLIST_FILE = EarthQuake/Info.plist;
				LD_RUNPATH_SEARCH_PATHS = (
					"$(inherited)",
					"@executable_path/Frameworks",
				);
				PRODUCT_BUNDLE_IDENTIFIER = com.hieuNguyen.EarthQuake;
				PRODUCT_NAME = "$(TARGET_NAME)";
				SWIFT_VERSION = 4.2;
				TARGETED_DEVICE_FAMILY = "1,2";
			};
			name = Debug;
		};
		A012A3FA21A3B31800F664D6 /* Release */ = {
			isa = XCBuildConfiguration;
			buildSettings = {
				ASSETCATALOG_COMPILER_APPICON_NAME = AppIcon;
				CODE_SIGN_STYLE = Automatic;
				INFOPLIST_FILE = EarthQuake/Info.plist;
				LD_RUNPATH_SEARCH_PATHS = (
					"$(inherited)",
					"@executable_path/Frameworks",
				);
				PRODUCT_BUNDLE_IDENTIFIER = com.hieuNguyen.EarthQuake;
				PRODUCT_NAME = "$(TARGET_NAME)";
				SWIFT_VERSION = 4.2;
				TARGETED_DEVICE_FAMILY = "1,2";
			};
			name = Release;
		};
/* End XCBuildConfiguration section */

/* Begin XCConfigurationList section */
		A012A3E121A3B31500F664D6 /* Build configuration list for PBXProject "EarthQuake" */ = {
			isa = XCConfigurationList;
			buildConfigurations = (
				A012A3F621A3B31800F664D6 /* Debug */,
				A012A3F721A3B31800F664D6 /* Release */,
			);
			defaultConfigurationIsVisible = 0;
			defaultConfigurationName = Release;
		};
		A012A3F821A3B31800F664D6 /* Build configuration list for PBXNativeTarget "EarthQuake" */ = {
			isa = XCConfigurationList;
			buildConfigurations = (
				A012A3F921A3B31800F664D6 /* Debug */,
				A012A3FA21A3B31800F664D6 /* Release */,
			);
			defaultConfigurationIsVisible = 0;
			defaultConfigurationName = Release;
		};
/* End XCConfigurationList section */
	};
	rootObject = A012A3DE21A3B31500F664D6 /* Project object */;
}
